
Microsoft Visual Studio Solution File, Format Version 9.00
# Visual Studio 2005
Project("{8BC9CEB8-8B4A-11D0-8D11-00A0C91BC942}") = "XO", "XO\XO.vcproj", "{09F51E40-F9AC-4E2A-AB48-6D5D5A963E0B}"
EndProject
Global
	GlobalSection(SolutionConfigurationPlatforms) = preSolution
		Debug|Win32 = Debug|Win32
		Release|Win32 = Release|Win32
	EndGlobalSection
	GlobalSection(ProjectConfigurationPlatforms) = postSolution
		{09F51E40-F9AC-4E2A-AB48-6D5D5A963E0B}.Debug|Win32.ActiveCfg = Debug|Win32
		{09F51E40-F9AC-4E2A-AB48-6D5D5A963E0B}.Debug|Win32.Build.0 = Debug|Win32
		{09F51E40-F9AC-4E2A-AB48-6D5D5A963E0B}.Release|Win32.ActiveCfg = Release|Win32
		{09F51E40-F9AC-4E2A-AB48-6D5D5A963E0B}.Release|Win32.Build.0 = Release|Win32
	EndGlobalSection
	GlobalSection(SolutionProperties) = preSolution
		HideSolutionNode = FALSE
	EndGlobalSection
EndGlobal
