
Microsoft Visual Studio Solution File, Format Version 9.00
# Visual Studio 2005
Project("{8BC9CEB8-8B4A-11D0-8D11-00A0C91BC942}") = "Vector", "Vector\Vector.vcproj", "{16BCDA94-233C-4CD8-BB36-23539751EE5A}"
EndProject
Global
	GlobalSection(SolutionConfigurationPlatforms) = preSolution
		Debug|Win32 = Debug|Win32
		Release|Win32 = Release|Win32
	EndGlobalSection
	GlobalSection(ProjectConfigurationPlatforms) = postSolution
		{16BCDA94-233C-4CD8-BB36-23539751EE5A}.Debug|Win32.ActiveCfg = Debug|Win32
		{16BCDA94-233C-4CD8-BB36-23539751EE5A}.Debug|Win32.Build.0 = Debug|Win32
		{16BCDA94-233C-4CD8-BB36-23539751EE5A}.Release|Win32.ActiveCfg = Release|Win32
		{16BCDA94-233C-4CD8-BB36-23539751EE5A}.Release|Win32.Build.0 = Release|Win32
	EndGlobalSection
	GlobalSection(SolutionProperties) = preSolution
		HideSolutionNode = FALSE
	EndGlobalSection
EndGlobal
